
Microsoft Visual Studio Solution File, Format Version 12.00
# Visual Studio Version 17
VisualStudioVersion = 17.10.35013.160
MinimumVisualStudioVersion = 10.0.40219.1
Project("{9A19103F-16F7-4668-BE54-9A1E7A4F7556}") = "back", "back\back.csproj", "{573B3A57-3577-49D4-998D-47E34B174FF8}"
EndProject
Project("{FAE04EC0-301F-11D3-BF4B-00C04F79EFBC}") = "back.Tests", "back.Tests\back.Tests.csproj", "{42E8B7AC-237E-43B4-A8AB-2664F68AD68E}"
EndProject
Global
	GlobalSection(SolutionConfigurationPlatforms) = preSolution
		Debug|Any CPU = Debug|Any CPU
		Release|Any CPU = Release|Any CPU
	EndGlobalSection
	GlobalSection(ProjectConfigurationPlatforms) = postSolution
		{573B3A57-3577-49D4-998D-47E34B174FF8}.Debug|Any CPU.ActiveCfg = Debug|Any CPU
		{573B3A57-3577-49D4-998D-47E34B174FF8}.Debug|Any CPU.Build.0 = Debug|Any CPU
		{573B3A57-3577-49D4-998D-47E34B174FF8}.Release|Any CPU.ActiveCfg = Release|Any CPU
		{573B3A57-3577-49D4-998D-47E34B174FF8}.Release|Any CPU.Build.0 = Release|Any CPU
		{42E8B7AC-237E-43B4-A8AB-2664F68AD68E}.Debug|Any CPU.ActiveCfg = Debug|Any CPU
		{42E8B7AC-237E-43B4-A8AB-2664F68AD68E}.Debug|Any CPU.Build.0 = Debug|Any CPU
		{42E8B7AC-237E-43B4-A8AB-2664F68AD68E}.Release|Any CPU.ActiveCfg = Release|Any CPU
		{42E8B7AC-237E-43B4-A8AB-2664F68AD68E}.Release|Any CPU.Build.0 = Release|Any CPU
	EndGlobalSection
	GlobalSection(SolutionProperties) = preSolution
		HideSolutionNode = FALSE
	EndGlobalSection
	GlobalSection(ExtensibilityGlobals) = postSolution
		SolutionGuid = {F64D164C-69D3-4DAB-AEBB-C503348321C3}
	EndGlobalSection
EndGlobal
